
Microsoft Visual Studio Solution File, Format Version 12.00
# Visual Studio Version 16
VisualStudioVersion = 16.0.30204.135
MinimumVisualStudioVersion = 10.0.40219.1
Project("{FAE04EC0-301F-11D3-BF4B-00C04F79EFBC}") = "DataLibrary", "DataLibrary\DataLibrary.csproj", "{6776037F-1069-4AAC-93EC-03B0CBA8A849}"
EndProject
Global
	GlobalSection(SolutionConfigurationPlatforms) = preSolution
		Debug|Any CPU = Debug|Any CPU
		Release|Any CPU = Release|Any CPU
	EndGlobalSection
	GlobalSection(ProjectConfigurationPlatforms) = postSolution
		{6776037F-1069-4AAC-93EC-03B0CBA8A849}.Debug|Any CPU.ActiveCfg = Debug|Any CPU
		{6776037F-1069-4AAC-93EC-03B0CBA8A849}.Debug|Any CPU.Build.0 = Debug|Any CPU
		{6776037F-1069-4AAC-93EC-03B0CBA8A849}.Release|Any CPU.ActiveCfg = Release|Any CPU
		{6776037F-1069-4AAC-93EC-03B0CBA8A849}.Release|Any CPU.Build.0 = Release|Any CPU
	EndGlobalSection
	GlobalSection(SolutionProperties) = preSolution
		HideSolutionNode = FALSE
	EndGlobalSection
	GlobalSection(ExtensibilityGlobals) = postSolution
		SolutionGuid = {F03D5E4D-F16E-4758-9D7E-41DFC81E463F}
	EndGlobalSection
EndGlobal
